// !$*UTF8*$!
{
	archiveVersion = 1;
	classes = {
	};
	objectVersion = 52;
	objects = {

/* Begin PBXBuildFile section */
		C9E8BC4124C2D556009C9909 /* AppDelegate.swift in Sources */ = {isa = PBXBuildFile; fileRef = C9E8BC4024C2D556009C9909 /* AppDelegate.swift */; };
		C9E8BC4324C2D556009C9909 /* SceneDelegate.swift in Sources */ = {isa = PBXBuildFile; fileRef = C9E8BC4224C2D556009C9909 /* SceneDelegate.swift */; };
		C9E8BC4B24C2D556009C9909 /* CoreDataFun1.xcdatamodeld in Sources */ = {isa = PBXBuildFile; fileRef = C9E8BC4924C2D556009C9909 /* CoreDataFun1.xcdatamodeld */; };
		C9E8BC4D24C2D55A009C9909 /* Assets.xcassets in Resources */ = {isa = PBXBuildFile; fileRef = C9E8BC4C24C2D55A009C9909 /* Assets.xcassets */; };
		C9E8BC5024C2D55A009C9909 /* LaunchScreen.storyboard in Resources */ = {isa = PBXBuildFile; fileRef = C9E8BC4E24C2D55A009C9909 /* LaunchScreen.storyboard */; };
		C9E8BC5924C2D6DF009C9909 /* SparkUI in Frameworks */ = {isa = PBXBuildFile; productRef = C9E8BC5824C2D6DF009C9909 /* SparkUI */; };
		C9E8BC5D24C2D6F9009C9909 /* CoreDataError.swift in Sources */ = {isa = PBXBuildFile; fileRef = C9E8BC5A24C2D6F9009C9909 /* CoreDataError.swift */; };
		C9E8BC5E24C2D6F9009C9909 /* ViewController.swift in Sources */ = {isa = PBXBuildFile; fileRef = C9E8BC5B24C2D6F9009C9909 /* ViewController.swift */; };
		C9E8BC5F24C2D6F9009C9909 /* CollectionViewCell.swift in Sources */ = {isa = PBXBuildFile; fileRef = C9E8BC5C24C2D6F9009C9909 /* CollectionViewCell.swift */; };
/* End PBXBuildFile section */

/* Begin PBXFileReference section */
		C9E8BC3D24C2D556009C9909 /* CoreDataFun1.app */ = {isa = PBXFileReference; explicitFileType = wrapper.application; includeInIndex = 0; path = CoreDataFun1.app; sourceTree = BUILT_PRODUCTS_DIR; };
		C9E8BC4024C2D556009C9909 /* AppDelegate.swift */ = {isa = PBXFileReference; lastKnownFileType = sourcecode.swift; path = AppDelegate.swift; sourceTree = "<group>"; };
		C9E8BC4224C2D556009C9909 /* SceneDelegate.swift */ = {isa = PBXFileReference; lastKnownFileType = sourcecode.swift; path = SceneDelegate.swift; sourceTree = "<group>"; };
		C9E8BC4A24C2D556009C9909 /* CoreDataFun1.xcdatamodel */ = {isa = PBXFileReference; lastKnownFileType = wrapper.xcdatamodel; path = CoreDataFun1.xcdatamodel; sourceTree = "<group>"; };
		C9E8BC4C24C2D55A009C9909 /* Assets.xcassets */ = {isa = PBXFileReference; lastKnownFileType = folder.assetcatalog; path = Assets.xcassets; sourceTree = "<group>"; };
		C9E8BC4F24C2D55A009C9909 /* Base */ = {isa = PBXFileReference; lastKnownFileType = file.storyboard; name = Base; path = Base.lproj/LaunchScreen.storyboard; sourceTree = "<group>"; };
		C9E8BC5124C2D55A009C9909 /* Info.plist */ = {isa = PBXFileReference; lastKnownFileType = text.plist.xml; path = Info.plist; sourceTree = "<group>"; };
		C9E8BC5A24C2D6F9009C9909 /* CoreDataError.swift */ = {isa = PBXFileReference; fileEncoding = 4; lastKnownFileType = sourcecode.swift; path = CoreDataError.swift; sourceTree = "<group>"; };
		C9E8BC5B24C2D6F9009C9909 /* ViewController.swift */ = {isa = PBXFileReference; fileEncoding = 4; lastKnownFileType = sourcecode.swift; name = ViewController.swift; path = ../../CoreDataFun1Resources/ViewController.swift; sourceTree = "<group>"; };
		C9E8BC5C24C2D6F9009C9909 /* CollectionViewCell.swift */ = {isa = PBXFileReference; fileEncoding = 4; lastKnownFileType = sourcecode.swift; path = CollectionViewCell.swift; sourceTree = "<group>"; };
/* End PBXFileReference section */

/* Begin PBXFrameworksBuildPhase section */
		C9E8BC3A24C2D556009C9909 /* Frameworks */ = {
			isa = PBXFrameworksBuildPhase;
			buildActionMask = 2147483647;
			files = (
				C9E8BC5924C2D6DF009C9909 /* SparkUI in Frameworks */,
			);
			runOnlyForDeploymentPostprocessing = 0;
		};
/* End PBXFrameworksBuildPhase section */

/* Begin PBXGroup section */
		C9E8BC3424C2D556009C9909 = {
			isa = PBXGroup;
			children = (
				C9E8BC3F24C2D556009C9909 /* CoreDataFun1 */,
				C9E8BC3E24C2D556009C9909 /* Products */,
			);
			sourceTree = "<group>";
		};
		C9E8BC3E24C2D556009C9909 /* Products */ = {
			isa = PBXGroup;
			children = (
				C9E8BC3D24C2D556009C9909 /* CoreDataFun1.app */,
			);
			name = Products;
			sourceTree = "<group>";
		};
		C9E8BC3F24C2D556009C9909 /* CoreDataFun1 */ = {
			isa = PBXGroup;
			children = (
				C9E8BC4024C2D556009C9909 /* AppDelegate.swift */,
				C9E8BC4224C2D556009C9909 /* SceneDelegate.swift */,
				C9E8BC5C24C2D6F9009C9909 /* CollectionViewCell.swift */,
				C9E8BC5A24C2D6F9009C9909 /* CoreDataError.swift */,
				C9E8BC5B24C2D6F9009C9909 /* ViewController.swift */,
				C9E8BC4C24C2D55A009C9909 /* Assets.xcassets */,
				C9E8BC4E24C2D55A009C9909 /* LaunchScreen.storyboard */,
				C9E8BC5124C2D55A009C9909 /* Info.plist */,
				C9E8BC4924C2D556009C9909 /* CoreDataFun1.xcdatamodeld */,
			);
			path = CoreDataFun1;
			sourceTree = "<group>";
		};
/* End PBXGroup section */

/* Begin PBXNativeTarget section */
		C9E8BC3C24C2D556009C9909 /* CoreDataFun1 */ = {
			isa = PBXNativeTarget;
			buildConfigurationList = C9E8BC5424C2D55A009C9909 /* Build configuration list for PBXNativeTarget "CoreDataFun1" */;
			buildPhases = (
				C9E8BC3924C2D556009C9909 /* Sources */,
				C9E8BC3A24C2D556009C9909 /* Frameworks */,
				C9E8BC3B24C2D556009C9909 /* Resources */,
			);
			buildRules = (
			);
			dependencies = (
			);
			name = CoreDataFun1;
			packageProductDependencies = (
				C9E8BC5824C2D6DF009C9909 /* SparkUI */,
			);
			productName = CoreDataFun1;
			productReference = C9E8BC3D24C2D556009C9909 /* CoreDataFun1.app */;
			productType = "com.apple.product-type.application";
		};
/* End PBXNativeTarget section */

/* Begin PBXProject section */
		C9E8BC3524C2D556009C9909 /* Project object */ = {
			isa = PBXProject;
			attributes = {
				LastSwiftUpdateCheck = 1160;
				LastUpgradeCheck = 1160;
				ORGANIZATIONNAME = "Alex Nagy";
				TargetAttributes = {
					C9E8BC3C24C2D556009C9909 = {
						CreatedOnToolsVersion = 11.6;
					};
				};
			};
			buildConfigurationList = C9E8BC3824C2D556009C9909 /* Build configuration list for PBXProject "CoreDataFun1" */;
			compatibilityVersion = "Xcode 9.3";
			developmentRegion = en;
			hasScannedForEncodings = 0;
			knownRegions = (
				en,
				Base,
			);
			mainGroup = C9E8BC3424C2D556009C9909;
			packageReferences = (
				C9E8BC5724C2D6DF009C9909 /* XCRemoteSwiftPackageReference "SparkUI" */,
			);
			productRefGroup = C9E8BC3E24C2D556009C9909 /* Products */;
			projectDirPath = "";
			projectRoot = "";
			targets = (
				C9E8BC3C24C2D556009C9909 /* CoreDataFun1 */,
			);
		};
/* End PBXProject section */

/* Begin PBXResourcesBuildPhase section */
		C9E8BC3B24C2D556009C9909 /* Resources */ = {
			isa = PBXResourcesBuildPhase;
			buildActionMask = 2147483647;
			files = (
				C9E8BC5024C2D55A009C9909 /* LaunchScreen.storyboard in Resources */,
				C9E8BC4D24C2D55A009C9909 /* Assets.xcassets in Resources */,
			);
			runOnlyForDeploymentPostprocessing = 0;
		};
/* End PBXResourcesBuildPhase section */

/* Begin PBXSourcesBuildPhase section */
		C9E8BC3924C2D556009C9909 /* Sources */ = {
			isa = PBXSourcesBuildPhase;
			buildActionMask = 2147483647;
			files = (
				C9E8BC5E24C2D6F9009C9909 /* ViewController.swift in Sources */,
				C9E8BC4124C2D556009C9909 /* AppDelegate.swift in Sources */,
				C9E8BC5F24C2D6F9009C9909 /* CollectionViewCell.swift in Sources */,
				C9E8BC5D24C2D6F9009C9909 /* CoreDataError.swift in Sources */,
				C9E8BC4B24C2D556009C9909 /* CoreDataFun1.xcdatamodeld in Sources */,
				C9E8BC4324C2D556009C9909 /* SceneDelegate.swift in Sources */,
			);
			runOnlyForDeploymentPostprocessing = 0;
		};
/* End PBXSourcesBuildPhase section */

/* Begin PBXVariantGroup section */
		C9E8BC4E24C2D55A009C9909 /* LaunchScreen.storyboard */ = {
			isa = PBXVariantGroup;
			children = (
				C9E8BC4F24C2D55A009C9909 /* Base */,
			);
			name = LaunchScreen.storyboard;
			sourceTree = "<group>";
		};
/* End PBXVariantGroup section */

/* Begin XCBuildConfiguration section */
		C9E8BC5224C2D55A009C9909 /* Debug */ = {
			isa = XCBuildConfiguration;
			buildSettings = {
				ALWAYS_SEARCH_USER_PATHS = NO;
				CLANG_ANALYZER_NONNULL = YES;
				CLANG_ANALYZER_NUMBER_OBJECT_CONVERSION = YES_AGGRESSIVE;
				CLANG_CXX_LANGUAGE_STANDARD = "gnu++14";
				CLANG_CXX_LIBRARY = "libc++";
				CLANG_ENABLE_MODULES = YES;
				CLANG_ENABLE_OBJC_ARC = YES;
				CLANG_ENABLE_OBJC_WEAK = YES;
				CLANG_WARN_BLOCK_CAPTURE_AUTORELEASING = YES;
				CLANG_WARN_BOOL_CONVERSION = YES;
				CLANG_WARN_COMMA = YES;
				CLANG_WARN_CONSTANT_CONVERSION = YES;
				CLANG_WARN_DEPRECATED_OBJC_IMPLEMENTATIONS = YES;
				CLANG_WARN_DIRECT_OBJC_ISA_USAGE = YES_ERROR;
				CLANG_WARN_DOCUMENTATION_COMMENTS = YES;
				CLANG_WARN_EMPTY_BODY = YES;
				CLANG_WARN_ENUM_CONVERSION = YES;
				CLANG_WARN_INFINITE_RECURSION = YES;
				CLANG_WARN_INT_CONVERSION = YES;
				CLANG_WARN_NON_LITERAL_NULL_CONVERSION = YES;
				CLANG_WARN_OBJC_IMPLICIT_RETAIN_SELF = YES;
				CLANG_WARN_OBJC_LITERAL_CONVERSION = YES;
				CLANG_WARN_OBJC_ROOT_CLASS = YES_ERROR;
				CLANG_WARN_RANGE_LOOP_ANALYSIS = YES;
				CLANG_WARN_STRICT_PROTOTYPES = YES;
				CLANG_WARN_SUSPICIOUS_MOVE = YES;
				CLANG_WARN_UNGUARDED_AVAILABILITY = YES_AGGRESSIVE;
				CLANG_WARN_UNREACHABLE_CODE = YES;
				CLANG_WARN__DUPLICATE_METHOD_MATCH = YES;
				COPY_PHASE_STRIP = NO;
				DEBUG_INFORMATION_FORMAT = dwarf;
				ENABLE_STRICT_OBJC_MSGSEND = YES;
				ENABLE_TESTABILITY = YES;
				GCC_C_LANGUAGE_STANDARD = gnu11;
				GCC_DYNAMIC_NO_PIC = NO;
				GCC_NO_COMMON_BLOCKS = YES;
				GCC_OPTIMIZATION_LEVEL = 0;
				GCC_PREPROCESSOR_DEFINITIONS = (
					"DEBUG=1",
					"$(inherited)",
				);
				GCC_WARN_64_TO_32_BIT_CONVERSION = YES;
				GCC_WARN_ABOUT_RETURN_TYPE = YES_ERROR;
				GCC_WARN_UNDECLARED_SELECTOR = YES;
				GCC_WARN_UNINITIALIZED_AUTOS = YES_AGGRESSIVE;
				GCC_WARN_UNUSED_FUNCTION = YES;
				GCC_WARN_UNUSED_VARIABLE = YES;
				IPHONEOS_DEPLOYMENT_TARGET = 13.6;
				MTL_ENABLE_DEBUG_INFO = INCLUDE_SOURCE;
				MTL_FAST_MATH = YES;
				ONLY_ACTIVE_ARCH = YES;
				SDKROOT = iphoneos;
				SWIFT_ACTIVE_COMPILATION_CONDITIONS = DEBUG;
				SWIFT_OPTIMIZATION_LEVEL = "-Onone";
			};
			name = Debug;
		};
		C9E8BC5324C2D55A009C9909 /* Release */ = {
			isa = XCBuildConfiguration;
			buildSettings = {
				ALWAYS_SEARCH_USER_PATHS = NO;
				CLANG_ANALYZER_NONNULL = YES;
				CLANG_ANALYZER_NUMBER_OBJECT_CONVERSION = YES_AGGRESSIVE;
				CLANG_CXX_LANGUAGE_STANDARD = "gnu++14";
				CLANG_CXX_LIBRARY = "libc++";
				CLANG_ENABLE_MODULES = YES;
				CLANG_ENABLE_OBJC_ARC = YES;
				CLANG_ENABLE_OBJC_WEAK = YES;
				CLANG_WARN_BLOCK_CAPTURE_AUTORELEASING = YES;
				CLANG_WARN_BOOL_CONVERSION = YES;
				CLANG_WARN_COMMA = YES;
				CLANG_WARN_CONSTANT_CONVERSION = YES;
				CLANG_WARN_DEPRECATED_OBJC_IMPLEMENTATIONS = YES;
				CLANG_WARN_DIRECT_OBJC_ISA_USAGE = YES_ERROR;
				CLANG_WARN_DOCUMENTATION_COMMENTS = YES;
				CLANG_WARN_EMPTY_BODY = YES;
				CLANG_WARN_ENUM_CONVERSION = YES;
				CLANG_WARN_INFINITE_RECURSION = YES;
				CLANG_WARN_INT_CONVERSION = YES;
				CLANG_WARN_NON_LITERAL_NULL_CONVERSION = YES;
				CLANG_WARN_OBJC_IMPLICIT_RETAIN_SELF = YES;
				CLANG_WARN_OBJC_LITERAL_CONVERSION = YES;
				CLANG_WARN_OBJC_ROOT_CLASS = YES_ERROR;
				CLANG_WARN_RANGE_LOOP_ANALYSIS = YES;
				CLANG_WARN_STRICT_PROTOTYPES = YES;
				CLANG_WARN_SUSPICIOUS_MOVE = YES;
				CLANG_WARN_UNGUARDED_AVAILABILITY = YES_AGGRESSIVE;
				CLANG_WARN_UNREACHABLE_CODE = YES;
				CLANG_WARN__DUPLICATE_METHOD_MATCH = YES;
				COPY_PHASE_STRIP = NO;
				DEBUG_INFORMATION_FORMAT = "dwarf-with-dsym";
				ENABLE_NS_ASSERTIONS = NO;
				ENABLE_STRICT_OBJC_MSGSEND = YES;
				GCC_C_LANGUAGE_STANDARD = gnu11;
				GCC_NO_COMMON_BLOCKS = YES;
				GCC_WARN_64_TO_32_BIT_CONVERSION = YES;
				GCC_WARN_ABOUT_RETURN_TYPE = YES_ERROR;
				GCC_WARN_UNDECLARED_SELECTOR = YES;
				GCC_WARN_UNINITIALIZED_AUTOS = YES_AGGRESSIVE;
				GCC_WARN_UNUSED_FUNCTION = YES;
				GCC_WARN_UNUSED_VARIABLE = YES;
				IPHONEOS_DEPLOYMENT_TARGET = 13.6;
				MTL_ENABLE_DEBUG_INFO = NO;
				MTL_FAST_MATH = YES;
				SDKROOT = iphoneos;
				SWIFT_COMPILATION_MODE = wholemodule;
				SWIFT_OPTIMIZATION_LEVEL = "-O";
				VALIDATE_PRODUCT = YES;
			};
			name = Release;
		};
		C9E8BC5524C2D55A009C9909 /* Debug */ = {
			isa = XCBuildConfiguration;
			buildSettings = {
				ASSETCATALOG_COMPILER_APPICON_NAME = AppIcon;
				CODE_SIGN_STYLE = Automatic;
				DEVELOPMENT_TEAM = R252PR8AVU;
				INFOPLIST_FILE = CoreDataFun1/Info.plist;
				LD_RUNPATH_SEARCH_PATHS = (
					"$(inherited)",
					"@executable_path/Frameworks",
				);
				PRODUCT_BUNDLE_IDENTIFIER = com.rebeloper.CoreDataFun1;
				PRODUCT_NAME = "$(TARGET_NAME)";
				SWIFT_VERSION = 5.0;
				TARGETED_DEVICE_FAMILY = "1,2";
			};
			name = Debug;
		};
		C9E8BC5624C2D55A009C9909 /* Release */ = {
			isa = XCBuildConfiguration;
			buildSettings = {
				ASSETCATALOG_COMPILER_APPICON_NAME = AppIcon;
				CODE_SIGN_STYLE = Automatic;
				DEVELOPMENT_TEAM = R252PR8AVU;
				INFOPLIST_FILE = CoreDataFun1/Info.plist;
				LD_RUNPATH_SEARCH_PATHS = (
					"$(inherited)",
					"@executable_path/Frameworks",
				);
				PRODUCT_BUNDLE_IDENTIFIER = com.rebeloper.CoreDataFun1;
				PRODUCT_NAME = "$(TARGET_NAME)";
				SWIFT_VERSION = 5.0;
				TARGETED_DEVICE_FAMILY = "1,2";
			};
			name = Release;
		};
/* End XCBuildConfiguration section */

/* Begin XCConfigurationList section */
		C9E8BC3824C2D556009C9909 /* Build configuration list for PBXProject "CoreDataFun1" */ = {
			isa = XCConfigurationList;
			buildConfigurations = (
				C9E8BC5224C2D55A009C9909 /* Debug */,
				C9E8BC5324C2D55A009C9909 /* Release */,
			);
			defaultConfigurationIsVisible = 0;
			defaultConfigurationName = Release;
		};
		C9E8BC5424C2D55A009C9909 /* Build configuration list for PBXNativeTarget "CoreDataFun1" */ = {
			isa = XCConfigurationList;
			buildConfigurations = (
				C9E8BC5524C2D55A009C9909 /* Debug */,
				C9E8BC5624C2D55A009C9909 /* Release */,
			);
			defaultConfigurationIsVisible = 0;
			defaultConfigurationName = Release;
		};
/* End XCConfigurationList section */

/* Begin XCRemoteSwiftPackageReference section */
		C9E8BC5724C2D6DF009C9909 /* XCRemoteSwiftPackageReference "SparkUI" */ = {
			isa = XCRemoteSwiftPackageReference;
			repositoryURL = "https://github.com/rebeloper/SparkUI.git";
			requirement = {
				kind = exactVersion;
				version = 0.11.11;
			};
		};
/* End XCRemoteSwiftPackageReference section */

/* Begin XCSwiftPackageProductDependency section */
		C9E8BC5824C2D6DF009C9909 /* SparkUI */ = {
			isa = XCSwiftPackageProductDependency;
			package = C9E8BC5724C2D6DF009C9909 /* XCRemoteSwiftPackageReference "SparkUI" */;
			productName = SparkUI;
		};
/* End XCSwiftPackageProductDependency section */

/* Begin XCVersionGroup section */
		C9E8BC4924C2D556009C9909 /* CoreDataFun1.xcdatamodeld */ = {
			isa = XCVersionGroup;
			children = (
				C9E8BC4A24C2D556009C9909 /* CoreDataFun1.xcdatamodel */,
			);
			currentVersion = C9E8BC4A24C2D556009C9909 /* CoreDataFun1.xcdatamodel */;
			path = CoreDataFun1.xcdatamodeld;
			sourceTree = "<group>";
			versionGroupType = wrapper.xcdatamodel;
		};
/* End XCVersionGroup section */
	};
	rootObject = C9E8BC3524C2D556009C9909 /* Project object */;
}
